# Pins the exact codex-fork commit cyrus builds against.
# scripts/release.ps1 clones the fork at this sha and builds codex.exe.
# To bump: rebase the fork's main onto a newer codex release, push it, update sha.

url = https://github.com/dannyisbad/codex.git
ref = main
sha = dfc715c7a5657f3db8571be4d45aae90b5c073d6
