# Pins the exact codex-fork commit cyrus builds against.
# scripts/release.ps1 clones the fork at this sha and builds codex.exe.
# To bump: rebase the fork's main onto a newer codex release, push it, update sha.

url = https://github.com/dannyisbad/codex.git
ref = main
sha = 7130a4bc8f8017f5877b186675bc3ee8cdc72ea4
